
Microsoft Visual Studio Solution File, Format Version 12.00
# Visual Studio Version 16
VisualStudioVersion = 16.0.29324.140
MinimumVisualStudioVersion = 10.0.40219.1
Project("{FAE04EC0-301F-11D3-BF4B-00C04F79EFBC}") = "XamarinForms.RxUI.Android", "XamarinForms.RxUI\XamarinForms.RxUI.Android\XamarinForms.RxUI.Android.csproj", "{19CCBC18-7407-4C8B-857C-2CE1F998DFB1}"
EndProject
Project("{FAE04EC0-301F-11D3-BF4B-00C04F79EFBC}") = "XamarinForms.RxUI.iOS", "XamarinForms.RxUI\XamarinForms.RxUI.iOS\XamarinForms.RxUI.iOS.csproj", "{829A62E1-2416-4D13-94E8-1D5A0BEDD023}"
EndProject
Project("{FAE04EC0-301F-11D3-BF4B-00C04F79EFBC}") = "XamarinForms.RxUI", "XamarinForms.RxUI\XamarinForms.RxUI\XamarinForms.RxUI.csproj", "{813F30C1-F059-4C4F-8D2E-E11F07B3F3C1}"
EndProject
Global
	GlobalSection(SolutionConfigurationPlatforms) = preSolution
		Debug|Any CPU = Debug|Any CPU
		Debug|iPhone = Debug|iPhone
		Debug|iPhoneSimulator = Debug|iPhoneSimulator
		Release|Any CPU = Release|Any CPU
		Release|iPhone = Release|iPhone
		Release|iPhoneSimulator = Release|iPhoneSimulator
	EndGlobalSection
	GlobalSection(ProjectConfigurationPlatforms) = postSolution
		{19CCBC18-7407-4C8B-857C-2CE1F998DFB1}.Debug|Any CPU.ActiveCfg = Debug|Any CPU
		{19CCBC18-7407-4C8B-857C-2CE1F998DFB1}.Debug|Any CPU.Build.0 = Debug|Any CPU
		{19CCBC18-7407-4C8B-857C-2CE1F998DFB1}.Debug|Any CPU.Deploy.0 = Debug|Any CPU
		{19CCBC18-7407-4C8B-857C-2CE1F998DFB1}.Debug|iPhone.ActiveCfg = Debug|Any CPU
		{19CCBC18-7407-4C8B-857C-2CE1F998DFB1}.Debug|iPhone.Build.0 = Debug|Any CPU
		{19CCBC18-7407-4C8B-857C-2CE1F998DFB1}.Debug|iPhone.Deploy.0 = Debug|Any CPU
		{19CCBC18-7407-4C8B-857C-2CE1F998DFB1}.Debug|iPhoneSimulator.ActiveCfg = Debug|Any CPU
		{19CCBC18-7407-4C8B-857C-2CE1F998DFB1}.Debug|iPhoneSimulator.Build.0 = Debug|Any CPU
		{19CCBC18-7407-4C8B-857C-2CE1F998DFB1}.Debug|iPhoneSimulator.Deploy.0 = Debug|Any CPU
		{19CCBC18-7407-4C8B-857C-2CE1F998DFB1}.Release|Any CPU.ActiveCfg = Release|Any CPU
		{19CCBC18-7407-4C8B-857C-2CE1F998DFB1}.Release|Any CPU.Build.0 = Release|Any CPU
		{19CCBC18-7407-4C8B-857C-2CE1F998DFB1}.Release|Any CPU.Deploy.0 = Release|Any CPU
		{19CCBC18-7407-4C8B-857C-2CE1F998DFB1}.Release|iPhone.ActiveCfg = Release|Any CPU
		{19CCBC18-7407-4C8B-857C-2CE1F998DFB1}.Release|iPhone.Build.0 = Release|Any CPU
		{19CCBC18-7407-4C8B-857C-2CE1F998DFB1}.Release|iPhone.Deploy.0 = Release|Any CPU
		{19CCBC18-7407-4C8B-857C-2CE1F998DFB1}.Release|iPhoneSimulator.ActiveCfg = Release|Any CPU
		{19CCBC18-7407-4C8B-857C-2CE1F998DFB1}.Release|iPhoneSimulator.Build.0 = Release|Any CPU
		{19CCBC18-7407-4C8B-857C-2CE1F998DFB1}.Release|iPhoneSimulator.Deploy.0 = Release|Any CPU
		{829A62E1-2416-4D13-94E8-1D5A0BEDD023}.Debug|Any CPU.ActiveCfg = Debug|iPhoneSimulator
		{829A62E1-2416-4D13-94E8-1D5A0BEDD023}.Debug|Any CPU.Build.0 = Debug|iPhoneSimulator
		{829A62E1-2416-4D13-94E8-1D5A0BEDD023}.Debug|Any CPU.Deploy.0 = Debug|iPhoneSimulator
		{829A62E1-2416-4D13-94E8-1D5A0BEDD023}.Debug|iPhone.ActiveCfg = Debug|iPhone
		{829A62E1-2416-4D13-94E8-1D5A0BEDD023}.Debug|iPhone.Build.0 = Debug|iPhone
		{829A62E1-2416-4D13-94E8-1D5A0BEDD023}.Debug|iPhone.Deploy.0 = Debug|iPhone
		{829A62E1-2416-4D13-94E8-1D5A0BEDD023}.Debug|iPhoneSimulator.ActiveCfg = Debug|iPhoneSimulator
		{829A62E1-2416-4D13-94E8-1D5A0BEDD023}.Debug|iPhoneSimulator.Build.0 = Debug|iPhoneSimulator
		{829A62E1-2416-4D13-94E8-1D5A0BEDD023}.Debug|iPhoneSimulator.Deploy.0 = Debug|iPhoneSimulator
		{829A62E1-2416-4D13-94E8-1D5A0BEDD023}.Release|Any CPU.ActiveCfg = Release|iPhone
		{829A62E1-2416-4D13-94E8-1D5A0BEDD023}.Release|Any CPU.Build.0 = Release|iPhone
		{829A62E1-2416-4D13-94E8-1D5A0BEDD023}.Release|Any CPU.Deploy.0 = Release|iPhone
		{829A62E1-2416-4D13-94E8-1D5A0BEDD023}.Release|iPhone.ActiveCfg = Release|iPhone
		{829A62E1-2416-4D13-94E8-1D5A0BEDD023}.Release|iPhone.Build.0 = Release|iPhone
		{829A62E1-2416-4D13-94E8-1D5A0BEDD023}.Release|iPhone.Deploy.0 = Release|iPhone
		{829A62E1-2416-4D13-94E8-1D5A0BEDD023}.Release|iPhoneSimulator.ActiveCfg = Release|iPhoneSimulator
		{829A62E1-2416-4D13-94E8-1D5A0BEDD023}.Release|iPhoneSimulator.Build.0 = Release|iPhoneSimulator
		{829A62E1-2416-4D13-94E8-1D5A0BEDD023}.Release|iPhoneSimulator.Deploy.0 = Release|iPhoneSimulator
		{813F30C1-F059-4C4F-8D2E-E11F07B3F3C1}.Debug|Any CPU.ActiveCfg = Debug|Any CPU
		{813F30C1-F059-4C4F-8D2E-E11F07B3F3C1}.Debug|Any CPU.Build.0 = Debug|Any CPU
		{813F30C1-F059-4C4F-8D2E-E11F07B3F3C1}.Debug|Any CPU.Deploy.0 = Debug|Any CPU
		{813F30C1-F059-4C4F-8D2E-E11F07B3F3C1}.Debug|iPhone.ActiveCfg = Debug|Any CPU
		{813F30C1-F059-4C4F-8D2E-E11F07B3F3C1}.Debug|iPhone.Build.0 = Debug|Any CPU
		{813F30C1-F059-4C4F-8D2E-E11F07B3F3C1}.Debug|iPhone.Deploy.0 = Debug|Any CPU
		{813F30C1-F059-4C4F-8D2E-E11F07B3F3C1}.Debug|iPhoneSimulator.ActiveCfg = Debug|Any CPU
		{813F30C1-F059-4C4F-8D2E-E11F07B3F3C1}.Debug|iPhoneSimulator.Build.0 = Debug|Any CPU
		{813F30C1-F059-4C4F-8D2E-E11F07B3F3C1}.Debug|iPhoneSimulator.Deploy.0 = Debug|Any CPU
		{813F30C1-F059-4C4F-8D2E-E11F07B3F3C1}.Release|Any CPU.ActiveCfg = Release|Any CPU
		{813F30C1-F059-4C4F-8D2E-E11F07B3F3C1}.Release|Any CPU.Build.0 = Release|Any CPU
		{813F30C1-F059-4C4F-8D2E-E11F07B3F3C1}.Release|Any CPU.Deploy.0 = Release|Any CPU
		{813F30C1-F059-4C4F-8D2E-E11F07B3F3C1}.Release|iPhone.ActiveCfg = Release|Any CPU
		{813F30C1-F059-4C4F-8D2E-E11F07B3F3C1}.Release|iPhone.Build.0 = Release|Any CPU
		{813F30C1-F059-4C4F-8D2E-E11F07B3F3C1}.Release|iPhone.Deploy.0 = Release|Any CPU
		{813F30C1-F059-4C4F-8D2E-E11F07B3F3C1}.Release|iPhoneSimulator.ActiveCfg = Release|Any CPU
		{813F30C1-F059-4C4F-8D2E-E11F07B3F3C1}.Release|iPhoneSimulator.Build.0 = Release|Any CPU
		{813F30C1-F059-4C4F-8D2E-E11F07B3F3C1}.Release|iPhoneSimulator.Deploy.0 = Release|Any CPU
	EndGlobalSection
	GlobalSection(SolutionProperties) = preSolution
		HideSolutionNode = FALSE
	EndGlobalSection
	GlobalSection(ExtensibilityGlobals) = postSolution
		SolutionGuid = {9DF53903-1CE3-4CAC-8FB0-441EEA477251}
	EndGlobalSection
EndGlobal
